{
  "nodes": {
    "areofyl-fetch": {
      "inputs": {
        "nixpkgs": "nixpkgs"
      },
      "locked": {
        "lastModified": 1790020190,
        "narHash": "sha256-gCiEaSiMQND+auhMDCiSdLzj5CXvmYBltEAMRj73szc=",
        "owner": "areofyl",
        "repo": "fetch",
        "rev": "7b19d22c2d8e4b7b2295cc625c9fdf87adcabbcd",
        "type": "github"
      },
      "original": {
        "owner": "areofyl",
        "repo": "fetch",
        "type": "github"
      }
    },
    "home-manager": {
      "inputs": {
        "nixpkgs": [
          "nixpkgs"
        ]
      },
      "locked": {
        "lastModified": 1790989254,
        "narHash": "sha256-ZN+riaeFuE+DZ5zfqJiXlM12jLwZzeIXiNkU1YeHMXI=",
        "owner": "nix-community",
        "repo": "home-manager",
        "rev": "acd21c5a3420a9d5fd0ed06299b10828267ef9ba",
        "type": "github"
      },
      "original": {
        "owner": "nix-community",
        "repo": "home-manager",
        "type": "github"
      }
    },
    "hyprmod": {
      "inputs": {
        "nixpkgs": [
          "nixpkgs"
        ]
      },
      "locked": {
        "lastModified": 1790793570,
        "narHash": "sha256-iWz98a1jWYk6XGv38IWY9uA55gBwQZyDw2oN65ml9Rw=",
        "owner": "BlueManCZ",
        "repo": "hyprmod",
        "rev": "4fe54f2ee5f1943a2007959e0d67479879fb2c92",
        "type": "github"
      },
      "original": {
        "owner": "BlueManCZ",
        "repo": "hyprmod",
        "type": "github"
      }
    },
    "nixpkgs": {
      "locked": {
        "lastModified": 1781577229,
        "narHash": "sha256-lrp67w8AulE9Ks53n27I45ADSzbOCn4H+CNW1Ck8B+8=",
        "owner": "NixOS",
        "repo": "nixpkgs",
        "rev": "567a49d1913ce81ac6e9582e3553dd90a955875f",
        "type": "github"
      },
      "original": {
        "owner": "NixOS",
        "ref": "nixos-unstable",
        "repo": "nixpkgs",
        "type": "github"
      }
    },
    "nixpkgs_2": {
      "locked": {
        "lastModified": 1790822859,
        "narHash": "sha256-69xHQhAeMAD2wDXO7T2pcOZIF9Sga2W+JkmY2a11Ops=",
        "owner": "nixos",
        "repo": "nixpkgs",
        "rev": "c59305bab2065cfecc4944690d9eedbb56f3a9fa",
        "type": "github"
      },
      "original": {
        "owner": "nixos",
        "ref": "nixos-unstable",
        "repo": "nixpkgs",
        "type": "github"
      }
    },
    "root": {
      "inputs": {
        "areofyl-fetch": "areofyl-fetch",
        "home-manager": "home-manager",
        "hyprmod": "hyprmod",
        "nixpkgs": "nixpkgs_2"
      }
    }
  },
  "root": "root",
  "version": 7
}
